{
  "originHash" : "52545b4de288d3f6d3d0c5ae11850177f688ac24386563046c6ede79f0b5bc15",
  "pins" : [
    {
      "identity" : "kompas-mobile-netdatalibrary",
      "kind" : "remoteSourceControl",
      "location" : "https://github.com/pt-kompas-media-nusantara/kompas-mobile-netdatalibrary",
      "state" : {
        "revision" : "32b7074a68bac68dd77d0adcc9b8816f8c20d21f",
        "version" : "1.0.13"
      }
    }
  ],
  "version" : 3
}
