{
  "originHash" : "52545b4de288d3f6d3d0c5ae11850177f688ac24386563046c6ede79f0b5bc15",
  "pins" : [
    {
      "identity" : "kompas-mobile-netdatalibrary",
      "kind" : "remoteSourceControl",
      "location" : "https://github.com/pt-kompas-media-nusantara/kompas-mobile-netdatalibrary",
      "state" : {
        "revision" : "c17974493eeeaf0f9d6f55f83206e7ffaf982ff2",
        "version" : "1.0.18"
      }
    }
  ],
  "version" : 3
}
