{
  "originHash" : "52545b4de288d3f6d3d0c5ae11850177f688ac24386563046c6ede79f0b5bc15",
  "pins" : [
    {
      "identity" : "kompas-mobile-netdatalibrary",
      "kind" : "remoteSourceControl",
      "location" : "https://github.com/pt-kompas-media-nusantara/kompas-mobile-netdatalibrary",
      "state" : {
        "revision" : "dde452a4bd951f8e1c728343dd9aed2686a7d9e5",
        "version" : "1.0.12"
      }
    }
  ],
  "version" : 3
}
